
Microsoft Visual Studio Solution File, Format Version 12.00
# Visual Studio 2012
Project("{FAE04EC0-301F-11D3-BF4B-00C04F79EFBC}") = "FinalProject_ITC172", "FinalProject_ITC172\FinalProject_ITC172.csproj", "{43D1F689-F88F-4720-992F-72DFC0EB0AEC}"
EndProject
Global
	GlobalSection(SolutionConfigurationPlatforms) = preSolution
		Debug|Any CPU = Debug|Any CPU
		Release|Any CPU = Release|Any CPU
	EndGlobalSection
	GlobalSection(ProjectConfigurationPlatforms) = postSolution
		{43D1F689-F88F-4720-992F-72DFC0EB0AEC}.Debug|Any CPU.ActiveCfg = Debug|Any CPU
		{43D1F689-F88F-4720-992F-72DFC0EB0AEC}.Debug|Any CPU.Build.0 = Debug|Any CPU
		{43D1F689-F88F-4720-992F-72DFC0EB0AEC}.Release|Any CPU.ActiveCfg = Release|Any CPU
		{43D1F689-F88F-4720-992F-72DFC0EB0AEC}.Release|Any CPU.Build.0 = Release|Any CPU
	EndGlobalSection
	GlobalSection(SolutionProperties) = preSolution
		HideSolutionNode = FALSE
	EndGlobalSection
EndGlobal
